
Microsoft Visual Studio Solution File, Format Version 10.00
# Visual Studio 2008
Project("{FAE04EC0-301F-11D3-BF4B-00C04F79EFBC}") = "MMFViewer", "MMFViewer\MMFViewer.csproj", "{A800E80A-5150-4634-8818-404D14CF4705}"
EndProject
Global
	GlobalSection(SolutionConfigurationPlatforms) = preSolution
		Debug|Any CPU = Debug|Any CPU
		Release|Any CPU = Release|Any CPU
	EndGlobalSection
	GlobalSection(ProjectConfigurationPlatforms) = postSolution
		{A800E80A-5150-4634-8818-404D14CF4705}.Debug|Any CPU.ActiveCfg = Debug|Any CPU
		{A800E80A-5150-4634-8818-404D14CF4705}.Debug|Any CPU.Build.0 = Debug|Any CPU
		{A800E80A-5150-4634-8818-404D14CF4705}.Release|Any CPU.ActiveCfg = Release|Any CPU
		{A800E80A-5150-4634-8818-404D14CF4705}.Release|Any CPU.Build.0 = Release|Any CPU
	EndGlobalSection
	GlobalSection(SolutionProperties) = preSolution
		HideSolutionNode = FALSE
	EndGlobalSection
EndGlobal
